// !$*UTF8*$!
{
	archiveVersion = 1;
	classes = {
	};
	objectVersion = 56;
	objects = {

/* Begin PBXBuildFile section */
		3E135500298AEA2000A3A867 /* LoginView.swift in Sources */ = {isa = PBXBuildFile; fileRef = 3E1354FF298AEA2000A3A867 /* LoginView.swift */; };
		3E135502298AEA3900A3A867 /* RegistrationView.swift in Sources */ = {isa = PBXBuildFile; fileRef = 3E135501298AEA3900A3A867 /* RegistrationView.swift */; };
		3E226CD4298D478100DE96A0 /* User.swift in Sources */ = {isa = PBXBuildFile; fileRef = 3E226CD3298D478100DE96A0 /* User.swift */; };
		3E226CD9298D724B00DE96A0 /* SideMenuView.swift in Sources */ = {isa = PBXBuildFile; fileRef = 3E226CD8298D724B00DE96A0 /* SideMenuView.swift */; };
		3E226CDB298D7B9F00DE96A0 /* SideMenuOptionViewModel.swift in Sources */ = {isa = PBXBuildFile; fileRef = 3E226CDA298D7B9F00DE96A0 /* SideMenuOptionViewModel.swift */; };
		3E226CDD298D953F00DE96A0 /* SideMenuOptionView.swift in Sources */ = {isa = PBXBuildFile; fileRef = 3E226CDC298D953F00DE96A0 /* SideMenuOptionView.swift */; };
		3E226CE0298E88B300DE96A0 /* SettingsView.swift in Sources */ = {isa = PBXBuildFile; fileRef = 3E226CDF298E88B300DE96A0 /* SettingsView.swift */; };
		3E226CE4298E8E3D00DE96A0 /* SettingsRowView.swift in Sources */ = {isa = PBXBuildFile; fileRef = 3E226CE3298E8E3D00DE96A0 /* SettingsRowView.swift */; };
		3E23230D2994399200630C2F /* GeoPoint.swift in Sources */ = {isa = PBXBuildFile; fileRef = 3E23230C2994399200630C2F /* GeoPoint.swift */; };
		3E42A06C298FDE0F00BCA278 /* HomeViewModel.swift in Sources */ = {isa = PBXBuildFile; fileRef = 3E42A06B298FDE0F00BCA278 /* HomeViewModel.swift */; };
		3E4B13DC298B075800D60C48 /* CustomInputField.swift in Sources */ = {isa = PBXBuildFile; fileRef = 3E4B13DB298B075800D60C48 /* CustomInputField.swift */; };
		3E535892298FC7BB004C22D3 /* DeveloperPreview.swift in Sources */ = {isa = PBXBuildFile; fileRef = 3E535891298FC7BB004C22D3 /* DeveloperPreview.swift */; };
		3E5BBBBD2981A3BB009D7C01 /* MapViewActionButton.swift in Sources */ = {isa = PBXBuildFile; fileRef = 3E5BBBBC2981A3BB009D7C01 /* MapViewActionButton.swift */; };
		3E5BBBBF2981A79A009D7C01 /* LocationSearchView.swift in Sources */ = {isa = PBXBuildFile; fileRef = 3E5BBBBE2981A79A009D7C01 /* LocationSearchView.swift */; };
		3E5BBBC12981AE34009D7C01 /* LocationSearchResultCell.swift in Sources */ = {isa = PBXBuildFile; fileRef = 3E5BBBC02981AE34009D7C01 /* LocationSearchResultCell.swift */; };
		3E6228BC2992B5EA00301C2A /* AcceptRequestView.swift in Sources */ = {isa = PBXBuildFile; fileRef = 3E6228BB2992B5EA00301C2A /* AcceptRequestView.swift */; };
		3E6228BE2992C3EE00301C2A /* Help.swift in Sources */ = {isa = PBXBuildFile; fileRef = 3E6228BD2992C3EE00301C2A /* Help.swift */; };
		3E6BE1922991CED700AB9980 /* UserService.swift in Sources */ = {isa = PBXBuildFile; fileRef = 3E6BE1912991CED700AB9980 /* UserService.swift */; };
		3E74A3DA298C5C82005941C0 /* GoogleService-Info.plist in Resources */ = {isa = PBXBuildFile; fileRef = 3E74A3D9298C5C82005941C0 /* GoogleService-Info.plist */; };
		3E74A3DD298C5D06005941C0 /* FirebaseAuth in Frameworks */ = {isa = PBXBuildFile; productRef = 3E74A3DC298C5D06005941C0 /* FirebaseAuth */; };
		3E74A3DF298C5D06005941C0 /* FirebaseFirestore in Frameworks */ = {isa = PBXBuildFile; productRef = 3E74A3DE298C5D06005941C0 /* FirebaseFirestore */; };
		3E74A3E1298C5D06005941C0 /* FirebaseFirestoreSwift in Frameworks */ = {isa = PBXBuildFile; productRef = 3E74A3E0298C5D06005941C0 /* FirebaseFirestoreSwift */; };
		3E74A3E3298C5D06005941C0 /* FirebaseStorage in Frameworks */ = {isa = PBXBuildFile; productRef = 3E74A3E2298C5D06005941C0 /* FirebaseStorage */; };
		3E74A3E5298C5E33005941C0 /* AuthViewModel.swift in Sources */ = {isa = PBXBuildFile; fileRef = 3E74A3E4298C5E33005941C0 /* AuthViewModel.swift */; };
		3E772DBE298824E5002C66F8 /* DestinationLocation.swift in Sources */ = {isa = PBXBuildFile; fileRef = 3E772DBD298824E5002C66F8 /* DestinationLocation.swift */; };
		3E772DC0298835BD002C66F8 /* Color.swift in Sources */ = {isa = PBXBuildFile; fileRef = 3E772DBF298835BD002C66F8 /* Color.swift */; };
		3E772DC429884545002C66F8 /* Double.swift in Sources */ = {isa = PBXBuildFile; fileRef = 3E772DC329884545002C66F8 /* Double.swift */; };
		3E86586B2985576100341E15 /* HelpRequestView.swift in Sources */ = {isa = PBXBuildFile; fileRef = 3E86586A2985576100341E15 /* HelpRequestView.swift */; };
		3E96565F298301E80068381B /* MapViewState.swift in Sources */ = {isa = PBXBuildFile; fileRef = 3E96565E298301E80068381B /* MapViewState.swift */; };
		3EA045D22986E845001CE3B3 /* DistanceCalculatedType.swift in Sources */ = {isa = PBXBuildFile; fileRef = 3EA045D12986E845001CE3B3 /* DistanceCalculatedType.swift */; };
		3EAC873229917E0F00F9332D /* HelperAnnotation.swift in Sources */ = {isa = PBXBuildFile; fileRef = 3EAC873129917E0F00F9332D /* HelperAnnotation.swift */; };
		3EDD9463298049F60070D217 /* HelpMigaApp.swift in Sources */ = {isa = PBXBuildFile; fileRef = 3EDD9462298049F60070D217 /* HelpMigaApp.swift */; };
		3EDD9467298049F70070D217 /* Assets.xcassets in Resources */ = {isa = PBXBuildFile; fileRef = 3EDD9466298049F70070D217 /* Assets.xcassets */; };
		3EDD946A298049F70070D217 /* Preview Assets.xcassets in Resources */ = {isa = PBXBuildFile; fileRef = 3EDD9469298049F70070D217 /* Preview Assets.xcassets */; };
		3EDD947D298055A80070D217 /* HomeView.swift in Sources */ = {isa = PBXBuildFile; fileRef = 3EDD947C298055A80070D217 /* HomeView.swift */; };
		3EDD947F2980569C0070D217 /* HelpMigaMapViewRepresentable.swift in Sources */ = {isa = PBXBuildFile; fileRef = 3EDD947E2980569C0070D217 /* HelpMigaMapViewRepresentable.swift */; };
		3EDD948129805C8F0070D217 /* LocationManager.swift in Sources */ = {isa = PBXBuildFile; fileRef = 3EDD948029805C8F0070D217 /* LocationManager.swift */; };
		3EDD948729806B4A0070D217 /* LocationSerchActivationView.swift in Sources */ = {isa = PBXBuildFile; fileRef = 3EDD948629806B4A0070D217 /* LocationSerchActivationView.swift */; };
/* End PBXBuildFile section */

/* Begin PBXFileReference section */
		3E1354FF298AEA2000A3A867 /* LoginView.swift */ = {isa = PBXFileReference; lastKnownFileType = sourcecode.swift; path = LoginView.swift; sourceTree = "<group>"; };
		3E135501298AEA3900A3A867 /* RegistrationView.swift */ = {isa = PBXFileReference; lastKnownFileType = sourcecode.swift; path = RegistrationView.swift; sourceTree = "<group>"; };
		3E226CD3298D478100DE96A0 /* User.swift */ = {isa = PBXFileReference; lastKnownFileType = sourcecode.swift; path = User.swift; sourceTree = "<group>"; };
		3E226CD8298D724B00DE96A0 /* SideMenuView.swift */ = {isa = PBXFileReference; lastKnownFileType = sourcecode.swift; path = SideMenuView.swift; sourceTree = "<group>"; };
		3E226CDA298D7B9F00DE96A0 /* SideMenuOptionViewModel.swift */ = {isa = PBXFileReference; lastKnownFileType = sourcecode.swift; path = SideMenuOptionViewModel.swift; sourceTree = "<group>"; };
		3E226CDC298D953F00DE96A0 /* SideMenuOptionView.swift */ = {isa = PBXFileReference; lastKnownFileType = sourcecode.swift; path = SideMenuOptionView.swift; sourceTree = "<group>"; };
		3E226CDF298E88B300DE96A0 /* SettingsView.swift */ = {isa = PBXFileReference; lastKnownFileType = sourcecode.swift; path = SettingsView.swift; sourceTree = "<group>"; };
		3E226CE3298E8E3D00DE96A0 /* SettingsRowView.swift */ = {isa = PBXFileReference; lastKnownFileType = sourcecode.swift; path = SettingsRowView.swift; sourceTree = "<group>"; };
		3E23230C2994399200630C2F /* GeoPoint.swift */ = {isa = PBXFileReference; lastKnownFileType = sourcecode.swift; path = GeoPoint.swift; sourceTree = "<group>"; };
		3E42A06B298FDE0F00BCA278 /* HomeViewModel.swift */ = {isa = PBXFileReference; lastKnownFileType = sourcecode.swift; path = HomeViewModel.swift; sourceTree = "<group>"; };
		3E4B13DB298B075800D60C48 /* CustomInputField.swift */ = {isa = PBXFileReference; lastKnownFileType = sourcecode.swift; path = CustomInputField.swift; sourceTree = "<group>"; };
		3E535891298FC7BB004C22D3 /* DeveloperPreview.swift */ = {isa = PBXFileReference; lastKnownFileType = sourcecode.swift; path = DeveloperPreview.swift; sourceTree = "<group>"; };
		3E5BBBBC2981A3BB009D7C01 /* MapViewActionButton.swift */ = {isa = PBXFileReference; lastKnownFileType = sourcecode.swift; path = MapViewActionButton.swift; sourceTree = "<group>"; };
		3E5BBBBE2981A79A009D7C01 /* LocationSearchView.swift */ = {isa = PBXFileReference; lastKnownFileType = sourcecode.swift; path = LocationSearchView.swift; sourceTree = "<group>"; };
		3E5BBBC02981AE34009D7C01 /* LocationSearchResultCell.swift */ = {isa = PBXFileReference; lastKnownFileType = sourcecode.swift; path = LocationSearchResultCell.swift; sourceTree = "<group>"; };
		3E6228BB2992B5EA00301C2A /* AcceptRequestView.swift */ = {isa = PBXFileReference; lastKnownFileType = sourcecode.swift; path = AcceptRequestView.swift; sourceTree = "<group>"; };
		3E6228BD2992C3EE00301C2A /* Help.swift */ = {isa = PBXFileReference; lastKnownFileType = sourcecode.swift; path = Help.swift; sourceTree = "<group>"; };
		3E6BE1912991CED700AB9980 /* UserService.swift */ = {isa = PBXFileReference; lastKnownFileType = sourcecode.swift; path = UserService.swift; sourceTree = "<group>"; };
		3E74A3D9298C5C82005941C0 /* GoogleService-Info.plist */ = {isa = PBXFileReference; fileEncoding = 4; lastKnownFileType = text.plist.xml; path = "GoogleService-Info.plist"; sourceTree = "<group>"; };
		3E74A3E4298C5E33005941C0 /* AuthViewModel.swift */ = {isa = PBXFileReference; lastKnownFileType = sourcecode.swift; name = AuthViewModel.swift; path = HelpMiga/Core/Authentication/AuthViewModel.swift; sourceTree = SOURCE_ROOT; };
		3E772DBD298824E5002C66F8 /* DestinationLocation.swift */ = {isa = PBXFileReference; lastKnownFileType = sourcecode.swift; path = DestinationLocation.swift; sourceTree = "<group>"; };
		3E772DBF298835BD002C66F8 /* Color.swift */ = {isa = PBXFileReference; lastKnownFileType = sourcecode.swift; path = Color.swift; sourceTree = "<group>"; };
		3E772DC329884545002C66F8 /* Double.swift */ = {isa = PBXFileReference; lastKnownFileType = sourcecode.swift; path = Double.swift; sourceTree = "<group>"; };
		3E86586A2985576100341E15 /* HelpRequestView.swift */ = {isa = PBXFileReference; lastKnownFileType = sourcecode.swift; path = HelpRequestView.swift; sourceTree = "<group>"; };
		3E96565E298301E80068381B /* MapViewState.swift */ = {isa = PBXFileReference; lastKnownFileType = sourcecode.swift; path = MapViewState.swift; sourceTree = "<group>"; };
		3EA045D12986E845001CE3B3 /* DistanceCalculatedType.swift */ = {isa = PBXFileReference; lastKnownFileType = sourcecode.swift; path = DistanceCalculatedType.swift; sourceTree = "<group>"; };
		3EAC873129917E0F00F9332D /* HelperAnnotation.swift */ = {isa = PBXFileReference; lastKnownFileType = sourcecode.swift; path = HelperAnnotation.swift; sourceTree = "<group>"; };
		3EDD945F298049F60070D217 /* HelpMiga.app */ = {isa = PBXFileReference; explicitFileType = wrapper.application; includeInIndex = 0; path = HelpMiga.app; sourceTree = BUILT_PRODUCTS_DIR; };
		3EDD9462298049F60070D217 /* HelpMigaApp.swift */ = {isa = PBXFileReference; lastKnownFileType = sourcecode.swift; path = HelpMigaApp.swift; sourceTree = "<group>"; };
		3EDD9466298049F70070D217 /* Assets.xcassets */ = {isa = PBXFileReference; lastKnownFileType = folder.assetcatalog; path = Assets.xcassets; sourceTree = "<group>"; };
		3EDD9469298049F70070D217 /* Preview Assets.xcassets */ = {isa = PBXFileReference; lastKnownFileType = folder.assetcatalog; path = "Preview Assets.xcassets"; sourceTree = "<group>"; };
		3EDD947029804DD30070D217 /* Info.plist */ = {isa = PBXFileReference; lastKnownFileType = text.plist; path = Info.plist; sourceTree = "<group>"; };
		3EDD947C298055A80070D217 /* HomeView.swift */ = {isa = PBXFileReference; lastKnownFileType = sourcecode.swift; path = HomeView.swift; sourceTree = "<group>"; };
		3EDD947E2980569C0070D217 /* HelpMigaMapViewRepresentable.swift */ = {isa = PBXFileReference; lastKnownFileType = sourcecode.swift; path = HelpMigaMapViewRepresentable.swift; sourceTree = "<group>"; };
		3EDD948029805C8F0070D217 /* LocationManager.swift */ = {isa = PBXFileReference; lastKnownFileType = sourcecode.swift; path = LocationManager.swift; sourceTree = "<group>"; };
		3EDD948629806B4A0070D217 /* LocationSerchActivationView.swift */ = {isa = PBXFileReference; lastKnownFileType = sourcecode.swift; path = LocationSerchActivationView.swift; sourceTree = "<group>"; };
/* End PBXFileReference section */

/* Begin PBXFrameworksBuildPhase section */
		3EDD945C298049F60070D217 /* Frameworks */ = {
			isa = PBXFrameworksBuildPhase;
			buildActionMask = 2147483647;
			files = (
				3E74A3DD298C5D06005941C0 /* FirebaseAuth in Frameworks */,
				3E74A3E3298C5D06005941C0 /* FirebaseStorage in Frameworks */,
				3E74A3DF298C5D06005941C0 /* FirebaseFirestore in Frameworks */,
				3E74A3E1298C5D06005941C0 /* FirebaseFirestoreSwift in Frameworks */,
			);
			runOnlyForDeploymentPostprocessing = 0;
		};
/* End PBXFrameworksBuildPhase section */

/* Begin PBXGroup section */
		3E1354FC298AE9BF00A3A867 /* Authentication */ = {
			isa = PBXGroup;
			children = (
				3E1354FE298AE9F700A3A867 /* Views */,
				3E1354FD298AE9E900A3A867 /* ViewModel */,
			);
			path = Authentication;
			sourceTree = "<group>";
		};
		3E1354FD298AE9E900A3A867 /* ViewModel */ = {
			isa = PBXGroup;
			children = (
				3E74A3E4298C5E33005941C0 /* AuthViewModel.swift */,
			);
			path = ViewModel;
			sourceTree = "<group>";
		};
		3E1354FE298AE9F700A3A867 /* Views */ = {
			isa = PBXGroup;
			children = (
				3E1354FF298AEA2000A3A867 /* LoginView.swift */,
				3E135501298AEA3900A3A867 /* RegistrationView.swift */,
			);
			path = Views;
			sourceTree = "<group>";
		};
		3E226CD5298D71BD00DE96A0 /* Side Menu */ = {
			isa = PBXGroup;
			children = (
				3E226CD7298D71D500DE96A0 /* ViewModel */,
				3E226CD6298D71C700DE96A0 /* Views */,
			);
			path = "Side Menu";
			sourceTree = "<group>";
		};
		3E226CD6298D71C700DE96A0 /* Views */ = {
			isa = PBXGroup;
			children = (
				3E226CD8298D724B00DE96A0 /* SideMenuView.swift */,
				3E226CDC298D953F00DE96A0 /* SideMenuOptionView.swift */,
			);
			path = Views;
			sourceTree = "<group>";
		};
		3E226CD7298D71D500DE96A0 /* ViewModel */ = {
			isa = PBXGroup;
			children = (
				3E226CDA298D7B9F00DE96A0 /* SideMenuOptionViewModel.swift */,
			);
			path = ViewModel;
			sourceTree = "<group>";
		};
		3E226CDE298E885700DE96A0 /* Settings */ = {
			isa = PBXGroup;
			children = (
				3E226CE2298E88E900DE96A0 /* Views */,
				3E226CE1298E88DD00DE96A0 /* ViewModel */,
			);
			path = Settings;
			sourceTree = "<group>";
		};
		3E226CE1298E88DD00DE96A0 /* ViewModel */ = {
			isa = PBXGroup;
			children = (
			);
			path = ViewModel;
			sourceTree = "<group>";
		};
		3E226CE2298E88E900DE96A0 /* Views */ = {
			isa = PBXGroup;
			children = (
				3E226CDF298E88B300DE96A0 /* SettingsView.swift */,
			);
			path = Views;
			sourceTree = "<group>";
		};
		3E4B13DA298B072B00D60C48 /* ReusableItems */ = {
			isa = PBXGroup;
			children = (
				3E4B13DB298B075800D60C48 /* CustomInputField.swift */,
				3E226CE3298E8E3D00DE96A0 /* SettingsRowView.swift */,
			);
			path = ReusableItems;
			sourceTree = "<group>";
		};
		3E6BE1902991CEAC00AB9980 /* Services */ = {
			isa = PBXGroup;
			children = (
				3E6BE1912991CED700AB9980 /* UserService.swift */,
			);
			path = Services;
			sourceTree = "<group>";
		};
		3E8658672985567200341E15 /* Trips */ = {
			isa = PBXGroup;
			children = (
				3E86586A2985576100341E15 /* HelpRequestView.swift */,
				3E6228BB2992B5EA00301C2A /* AcceptRequestView.swift */,
			);
			path = Trips;
			sourceTree = "<group>";
		};
		3EDD9456298049F60070D217 = {
			isa = PBXGroup;
			children = (
				3EDD9461298049F60070D217 /* HelpMiga */,
				3EDD9460298049F60070D217 /* Products */,
			);
			sourceTree = "<group>";
		};
		3EDD9460298049F60070D217 /* Products */ = {
			isa = PBXGroup;
			children = (
				3EDD945F298049F60070D217 /* HelpMiga.app */,
			);
			name = Products;
			sourceTree = "<group>";
		};
		3EDD9461298049F60070D217 /* HelpMiga */ = {
			isa = PBXGroup;
			children = (
				3E6BE1902991CEAC00AB9980 /* Services */,
				3E4B13DA298B072B00D60C48 /* ReusableItems */,
				3EDD9477298054C30070D217 /* App */,
				3EDD9476298054910070D217 /* Core */,
				3EDD94752980548C0070D217 /* Extensions */,
				3EDD9474298054890070D217 /* Managers */,
				3EDD9471298054590070D217 /* Models */,
				3EDD947029804DD30070D217 /* Info.plist */,
				3E74A3D9298C5C82005941C0 /* GoogleService-Info.plist */,
				3EDD9466298049F70070D217 /* Assets.xcassets */,
				3EDD9468298049F70070D217 /* Preview Content */,
			);
			path = HelpMiga;
			sourceTree = "<group>";
		};
		3EDD9468298049F70070D217 /* Preview Content */ = {
			isa = PBXGroup;
			children = (
				3EDD9469298049F70070D217 /* Preview Assets.xcassets */,
			);
			path = "Preview Content";
			sourceTree = "<group>";
		};
		3EDD9471298054590070D217 /* Models */ = {
			isa = PBXGroup;
			children = (
				3E96565E298301E80068381B /* MapViewState.swift */,
				3EA045D12986E845001CE3B3 /* DistanceCalculatedType.swift */,
				3E772DBD298824E5002C66F8 /* DestinationLocation.swift */,
				3E226CD3298D478100DE96A0 /* User.swift */,
				3EAC873129917E0F00F9332D /* HelperAnnotation.swift */,
				3E6228BD2992C3EE00301C2A /* Help.swift */,
			);
			path = Models;
			sourceTree = "<group>";
		};
		3EDD9474298054890070D217 /* Managers */ = {
			isa = PBXGroup;
			children = (
				3EDD948029805C8F0070D217 /* LocationManager.swift */,
			);
			path = Managers;
			sourceTree = "<group>";
		};
		3EDD94752980548C0070D217 /* Extensions */ = {
			isa = PBXGroup;
			children = (
				3E772DBF298835BD002C66F8 /* Color.swift */,
				3E772DC329884545002C66F8 /* Double.swift */,
				3E535891298FC7BB004C22D3 /* DeveloperPreview.swift */,
				3E23230C2994399200630C2F /* GeoPoint.swift */,
			);
			path = Extensions;
			sourceTree = "<group>";
		};
		3EDD9476298054910070D217 /* Core */ = {
			isa = PBXGroup;
			children = (
				3E226CDE298E885700DE96A0 /* Settings */,
				3E226CD5298D71BD00DE96A0 /* Side Menu */,
				3E1354FC298AE9BF00A3A867 /* Authentication */,
				3E8658672985567200341E15 /* Trips */,
				3EDD948329806AAD0070D217 /* LocationSearch */,
				3EDD948229806A6E0070D217 /* Home */,
			);
			path = Core;
			sourceTree = "<group>";
		};
		3EDD9477298054C30070D217 /* App */ = {
			isa = PBXGroup;
			children = (
				3EDD9462298049F60070D217 /* HelpMigaApp.swift */,
			);
			path = App;
			sourceTree = "<group>";
		};
		3EDD947A298055500070D217 /* Views */ = {
			isa = PBXGroup;
			children = (
				3EDD947C298055A80070D217 /* HomeView.swift */,
				3EDD947E2980569C0070D217 /* HelpMigaMapViewRepresentable.swift */,
				3E5BBBBC2981A3BB009D7C01 /* MapViewActionButton.swift */,
			);
			path = Views;
			sourceTree = "<group>";
		};
		3EDD947B298055520070D217 /* ViewModel */ = {
			isa = PBXGroup;
			children = (
				3E42A06B298FDE0F00BCA278 /* HomeViewModel.swift */,
			);
			path = ViewModel;
			sourceTree = "<group>";
		};
		3EDD948229806A6E0070D217 /* Home */ = {
			isa = PBXGroup;
			children = (
				3EDD947A298055500070D217 /* Views */,
				3EDD947B298055520070D217 /* ViewModel */,
			);
			path = Home;
			sourceTree = "<group>";
		};
		3EDD948329806AAD0070D217 /* LocationSearch */ = {
			isa = PBXGroup;
			children = (
				3EDD948529806B0F0070D217 /* Views */,
				3EDD948429806B010070D217 /* ViewModel */,
			);
			path = LocationSearch;
			sourceTree = "<group>";
		};
		3EDD948429806B010070D217 /* ViewModel */ = {
			isa = PBXGroup;
			children = (
			);
			path = ViewModel;
			sourceTree = "<group>";
		};
		3EDD948529806B0F0070D217 /* Views */ = {
			isa = PBXGroup;
			children = (
				3EDD948629806B4A0070D217 /* LocationSerchActivationView.swift */,
				3E5BBBBE2981A79A009D7C01 /* LocationSearchView.swift */,
				3E5BBBC02981AE34009D7C01 /* LocationSearchResultCell.swift */,
			);
			path = Views;
			sourceTree = "<group>";
		};
/* End PBXGroup section */

/* Begin PBXNativeTarget section */
		3EDD945E298049F60070D217 /* HelpMiga */ = {
			isa = PBXNativeTarget;
			buildConfigurationList = 3EDD946D298049F70070D217 /* Build configuration list for PBXNativeTarget "HelpMiga" */;
			buildPhases = (
				3EDD945B298049F60070D217 /* Sources */,
				3EDD945C298049F60070D217 /* Frameworks */,
				3EDD945D298049F60070D217 /* Resources */,
			);
			buildRules = (
			);
			dependencies = (
			);
			name = HelpMiga;
			packageProductDependencies = (
				3E74A3DC298C5D06005941C0 /* FirebaseAuth */,
				3E74A3DE298C5D06005941C0 /* FirebaseFirestore */,
				3E74A3E0298C5D06005941C0 /* FirebaseFirestoreSwift */,
				3E74A3E2298C5D06005941C0 /* FirebaseStorage */,
			);
			productName = HelpMiga;
			productReference = 3EDD945F298049F60070D217 /* HelpMiga.app */;
			productType = "com.apple.product-type.application";
		};
/* End PBXNativeTarget section */

/* Begin PBXProject section */
		3EDD9457298049F60070D217 /* Project object */ = {
			isa = PBXProject;
			attributes = {
				BuildIndependentTargetsInParallel = 1;
				LastSwiftUpdateCheck = 1420;
				LastUpgradeCheck = 1420;
				TargetAttributes = {
					3EDD945E298049F60070D217 = {
						CreatedOnToolsVersion = 14.2;
					};
				};
			};
			buildConfigurationList = 3EDD945A298049F60070D217 /* Build configuration list for PBXProject "HelpMiga" */;
			compatibilityVersion = "Xcode 14.0";
			developmentRegion = en;
			hasScannedForEncodings = 0;
			knownRegions = (
				en,
				Base,
			);
			mainGroup = 3EDD9456298049F60070D217;
			packageReferences = (
				3E74A3DB298C5D06005941C0 /* XCRemoteSwiftPackageReference "firebase-ios-sdk" */,
			);
			productRefGroup = 3EDD9460298049F60070D217 /* Products */;
			projectDirPath = "";
			projectRoot = "";
			targets = (
				3EDD945E298049F60070D217 /* HelpMiga */,
			);
		};
/* End PBXProject section */

/* Begin PBXResourcesBuildPhase section */
		3EDD945D298049F60070D217 /* Resources */ = {
			isa = PBXResourcesBuildPhase;
			buildActionMask = 2147483647;
			files = (
				3EDD946A298049F70070D217 /* Preview Assets.xcassets in Resources */,
				3EDD9467298049F70070D217 /* Assets.xcassets in Resources */,
				3E74A3DA298C5C82005941C0 /* GoogleService-Info.plist in Resources */,
			);
			runOnlyForDeploymentPostprocessing = 0;
		};
/* End PBXResourcesBuildPhase section */

/* Begin PBXSourcesBuildPhase section */
		3EDD945B298049F60070D217 /* Sources */ = {
			isa = PBXSourcesBuildPhase;
			buildActionMask = 2147483647;
			files = (
				3E5BBBBF2981A79A009D7C01 /* LocationSearchView.swift in Sources */,
				3EDD948129805C8F0070D217 /* LocationManager.swift in Sources */,
				3E96565F298301E80068381B /* MapViewState.swift in Sources */,
				3E226CDB298D7B9F00DE96A0 /* SideMenuOptionViewModel.swift in Sources */,
				3E5BBBBD2981A3BB009D7C01 /* MapViewActionButton.swift in Sources */,
				3E6228BE2992C3EE00301C2A /* Help.swift in Sources */,
				3E135502298AEA3900A3A867 /* RegistrationView.swift in Sources */,
				3E226CE4298E8E3D00DE96A0 /* SettingsRowView.swift in Sources */,
				3E74A3E5298C5E33005941C0 /* AuthViewModel.swift in Sources */,
				3E535892298FC7BB004C22D3 /* DeveloperPreview.swift in Sources */,
				3E42A06C298FDE0F00BCA278 /* HomeViewModel.swift in Sources */,
				3E86586B2985576100341E15 /* HelpRequestView.swift in Sources */,
				3E6228BC2992B5EA00301C2A /* AcceptRequestView.swift in Sources */,
				3E226CE0298E88B300DE96A0 /* SettingsView.swift in Sources */,
				3E226CD4298D478100DE96A0 /* User.swift in Sources */,
				3EDD947F2980569C0070D217 /* HelpMigaMapViewRepresentable.swift in Sources */,
				3EDD9463298049F60070D217 /* HelpMigaApp.swift in Sources */,
				3E6BE1922991CED700AB9980 /* UserService.swift in Sources */,
				3EA045D22986E845001CE3B3 /* DistanceCalculatedType.swift in Sources */,
				3E226CDD298D953F00DE96A0 /* SideMenuOptionView.swift in Sources */,
				3E772DC0298835BD002C66F8 /* Color.swift in Sources */,
				3E772DBE298824E5002C66F8 /* DestinationLocation.swift in Sources */,
				3EAC873229917E0F00F9332D /* HelperAnnotation.swift in Sources */,
				3EDD947D298055A80070D217 /* HomeView.swift in Sources */,
				3E226CD9298D724B00DE96A0 /* SideMenuView.swift in Sources */,
				3EDD948729806B4A0070D217 /* LocationSerchActivationView.swift in Sources */,
				3E772DC429884545002C66F8 /* Double.swift in Sources */,
				3E135500298AEA2000A3A867 /* LoginView.swift in Sources */,
				3E4B13DC298B075800D60C48 /* CustomInputField.swift in Sources */,
				3E5BBBC12981AE34009D7C01 /* LocationSearchResultCell.swift in Sources */,
				3E23230D2994399200630C2F /* GeoPoint.swift in Sources */,
			);
			runOnlyForDeploymentPostprocessing = 0;
		};
/* End PBXSourcesBuildPhase section */

/* Begin XCBuildConfiguration section */
		3EDD946B298049F70070D217 /* Debug */ = {
			isa = XCBuildConfiguration;
			buildSettings = {
				ALWAYS_SEARCH_USER_PATHS = NO;
				CLANG_ANALYZER_NONNULL = YES;
				CLANG_ANALYZER_NUMBER_OBJECT_CONVERSION = YES_AGGRESSIVE;
				CLANG_CXX_LANGUAGE_STANDARD = "gnu++20";
				CLANG_ENABLE_MODULES = YES;
				CLANG_ENABLE_OBJC_ARC = YES;
				CLANG_ENABLE_OBJC_WEAK = YES;
				CLANG_WARN_BLOCK_CAPTURE_AUTORELEASING = YES;
				CLANG_WARN_BOOL_CONVERSION = YES;
				CLANG_WARN_COMMA = YES;
				CLANG_WARN_CONSTANT_CONVERSION = YES;
				CLANG_WARN_DEPRECATED_OBJC_IMPLEMENTATIONS = YES;
				CLANG_WARN_DIRECT_OBJC_ISA_USAGE = YES_ERROR;
				CLANG_WARN_DOCUMENTATION_COMMENTS = YES;
				CLANG_WARN_EMPTY_BODY = YES;
				CLANG_WARN_ENUM_CONVERSION = YES;
				CLANG_WARN_INFINITE_RECURSION = YES;
				CLANG_WARN_INT_CONVERSION = YES;
				CLANG_WARN_NON_LITERAL_NULL_CONVERSION = YES;
				CLANG_WARN_OBJC_IMPLICIT_RETAIN_SELF = YES;
				CLANG_WARN_OBJC_LITERAL_CONVERSION = YES;
				CLANG_WARN_OBJC_ROOT_CLASS = YES_ERROR;
				CLANG_WARN_QUOTED_INCLUDE_IN_FRAMEWORK_HEADER = YES;
				CLANG_WARN_RANGE_LOOP_ANALYSIS = YES;
				CLANG_WARN_STRICT_PROTOTYPES = YES;
				CLANG_WARN_SUSPICIOUS_MOVE = YES;
				CLANG_WARN_UNGUARDED_AVAILABILITY = YES_AGGRESSIVE;
				CLANG_WARN_UNREACHABLE_CODE = YES;
				CLANG_WARN__DUPLICATE_METHOD_MATCH = YES;
				COPY_PHASE_STRIP = NO;
				DEBUG_INFORMATION_FORMAT = dwarf;
				ENABLE_STRICT_OBJC_MSGSEND = YES;
				ENABLE_TESTABILITY = YES;
				GCC_C_LANGUAGE_STANDARD = gnu11;
				GCC_DYNAMIC_NO_PIC = NO;
				GCC_NO_COMMON_BLOCKS = YES;
				GCC_OPTIMIZATION_LEVEL = 0;
				GCC_PREPROCESSOR_DEFINITIONS = (
					"DEBUG=1",
					"$(inherited)",
				);
				GCC_WARN_64_TO_32_BIT_CONVERSION = YES;
				GCC_WARN_ABOUT_RETURN_TYPE = YES_ERROR;
				GCC_WARN_UNDECLARED_SELECTOR = YES;
				GCC_WARN_UNINITIALIZED_AUTOS = YES_AGGRESSIVE;
				GCC_WARN_UNUSED_FUNCTION = YES;
				GCC_WARN_UNUSED_VARIABLE = YES;
				IPHONEOS_DEPLOYMENT_TARGET = 16.2;
				MTL_ENABLE_DEBUG_INFO = INCLUDE_SOURCE;
				MTL_FAST_MATH = YES;
				ONLY_ACTIVE_ARCH = YES;
				SDKROOT = iphoneos;
				SWIFT_ACTIVE_COMPILATION_CONDITIONS = DEBUG;
				SWIFT_OPTIMIZATION_LEVEL = "-Onone";
			};
			name = Debug;
		};
		3EDD946C298049F70070D217 /* Release */ = {
			isa = XCBuildConfiguration;
			buildSettings = {
				ALWAYS_SEARCH_USER_PATHS = NO;
				CLANG_ANALYZER_NONNULL = YES;
				CLANG_ANALYZER_NUMBER_OBJECT_CONVERSION = YES_AGGRESSIVE;
				CLANG_CXX_LANGUAGE_STANDARD = "gnu++20";
				CLANG_ENABLE_MODULES = YES;
				CLANG_ENABLE_OBJC_ARC = YES;
				CLANG_ENABLE_OBJC_WEAK = YES;
				CLANG_WARN_BLOCK_CAPTURE_AUTORELEASING = YES;
				CLANG_WARN_BOOL_CONVERSION = YES;
				CLANG_WARN_COMMA = YES;
				CLANG_WARN_CONSTANT_CONVERSION = YES;
				CLANG_WARN_DEPRECATED_OBJC_IMPLEMENTATIONS = YES;
				CLANG_WARN_DIRECT_OBJC_ISA_USAGE = YES_ERROR;
				CLANG_WARN_DOCUMENTATION_COMMENTS = YES;
				CLANG_WARN_EMPTY_BODY = YES;
				CLANG_WARN_ENUM_CONVERSION = YES;
				CLANG_WARN_INFINITE_RECURSION = YES;
				CLANG_WARN_INT_CONVERSION = YES;
				CLANG_WARN_NON_LITERAL_NULL_CONVERSION = YES;
				CLANG_WARN_OBJC_IMPLICIT_RETAIN_SELF = YES;
				CLANG_WARN_OBJC_LITERAL_CONVERSION = YES;
				CLANG_WARN_OBJC_ROOT_CLASS = YES_ERROR;
				CLANG_WARN_QUOTED_INCLUDE_IN_FRAMEWORK_HEADER = YES;
				CLANG_WARN_RANGE_LOOP_ANALYSIS = YES;
				CLANG_WARN_STRICT_PROTOTYPES = YES;
				CLANG_WARN_SUSPICIOUS_MOVE = YES;
				CLANG_WARN_UNGUARDED_AVAILABILITY = YES_AGGRESSIVE;
				CLANG_WARN_UNREACHABLE_CODE = YES;
				CLANG_WARN__DUPLICATE_METHOD_MATCH = YES;
				COPY_PHASE_STRIP = NO;
				DEBUG_INFORMATION_FORMAT = "dwarf-with-dsym";
				ENABLE_NS_ASSERTIONS = NO;
				ENABLE_STRICT_OBJC_MSGSEND = YES;
				GCC_C_LANGUAGE_STANDARD = gnu11;
				GCC_NO_COMMON_BLOCKS = YES;
				GCC_WARN_64_TO_32_BIT_CONVERSION = YES;
				GCC_WARN_ABOUT_RETURN_TYPE = YES_ERROR;
				GCC_WARN_UNDECLARED_SELECTOR = YES;
				GCC_WARN_UNINITIALIZED_AUTOS = YES_AGGRESSIVE;
				GCC_WARN_UNUSED_FUNCTION = YES;
				GCC_WARN_UNUSED_VARIABLE = YES;
				IPHONEOS_DEPLOYMENT_TARGET = 16.2;
				MTL_ENABLE_DEBUG_INFO = NO;
				MTL_FAST_MATH = YES;
				SDKROOT = iphoneos;
				SWIFT_COMPILATION_MODE = wholemodule;
				SWIFT_OPTIMIZATION_LEVEL = "-O";
				VALIDATE_PRODUCT = YES;
			};
			name = Release;
		};
		3EDD946E298049F70070D217 /* Debug */ = {
			isa = XCBuildConfiguration;
			buildSettings = {
				ASSETCATALOG_COMPILER_APPICON_NAME = AppIcon;
				ASSETCATALOG_COMPILER_GLOBAL_ACCENT_COLOR_NAME = AccentColor;
				CODE_SIGN_STYLE = Automatic;
				CURRENT_PROJECT_VERSION = 1;
				DEVELOPMENT_ASSET_PATHS = "\"HelpMiga/Preview Content\"";
				DEVELOPMENT_TEAM = 67AYPRFZH8;
				ENABLE_PREVIEWS = YES;
				GENERATE_INFOPLIST_FILE = YES;
				INFOPLIST_FILE = HelpMiga/Info.plist;
				INFOPLIST_KEY_NSLocationWhenInUseUsageDescription = "Please allow us to access your location to find you nearby Help Miga users";
				INFOPLIST_KEY_UIApplicationSceneManifest_Generation = YES;
				INFOPLIST_KEY_UIApplicationSupportsIndirectInputEvents = YES;
				INFOPLIST_KEY_UILaunchScreen_Generation = YES;
				INFOPLIST_KEY_UISupportedInterfaceOrientations_iPad = "UIInterfaceOrientationPortrait UIInterfaceOrientationPortraitUpsideDown UIInterfaceOrientationLandscapeLeft UIInterfaceOrientationLandscapeRight";
				INFOPLIST_KEY_UISupportedInterfaceOrientations_iPhone = "UIInterfaceOrientationPortrait UIInterfaceOrientationLandscapeLeft UIInterfaceOrientationLandscapeRight";
				LD_RUNPATH_SEARCH_PATHS = (
					"$(inherited)",
					"@executable_path/Frameworks",
				);
				MARKETING_VERSION = 1.0;
				PRODUCT_BUNDLE_IDENTIFIER = com.pessoal.HelpMiga;
				PRODUCT_NAME = "$(TARGET_NAME)";
				SWIFT_EMIT_LOC_STRINGS = YES;
				SWIFT_VERSION = 5.0;
				TARGETED_DEVICE_FAMILY = "1,2";
			};
			name = Debug;
		};
		3EDD946F298049F70070D217 /* Release */ = {
			isa = XCBuildConfiguration;
			buildSettings = {
				ASSETCATALOG_COMPILER_APPICON_NAME = AppIcon;
				ASSETCATALOG_COMPILER_GLOBAL_ACCENT_COLOR_NAME = AccentColor;
				CODE_SIGN_STYLE = Automatic;
				CURRENT_PROJECT_VERSION = 1;
				DEVELOPMENT_ASSET_PATHS = "\"HelpMiga/Preview Content\"";
				DEVELOPMENT_TEAM = 67AYPRFZH8;
				ENABLE_PREVIEWS = YES;
				GENERATE_INFOPLIST_FILE = YES;
				INFOPLIST_FILE = HelpMiga/Info.plist;
				INFOPLIST_KEY_NSLocationWhenInUseUsageDescription = "Please allow us to access your location to find you nearby Help Miga users";
				INFOPLIST_KEY_UIApplicationSceneManifest_Generation = YES;
				INFOPLIST_KEY_UIApplicationSupportsIndirectInputEvents = YES;
				INFOPLIST_KEY_UILaunchScreen_Generation = YES;
				INFOPLIST_KEY_UISupportedInterfaceOrientations_iPad = "UIInterfaceOrientationPortrait UIInterfaceOrientationPortraitUpsideDown UIInterfaceOrientationLandscapeLeft UIInterfaceOrientationLandscapeRight";
				INFOPLIST_KEY_UISupportedInterfaceOrientations_iPhone = "UIInterfaceOrientationPortrait UIInterfaceOrientationLandscapeLeft UIInterfaceOrientationLandscapeRight";
				LD_RUNPATH_SEARCH_PATHS = (
					"$(inherited)",
					"@executable_path/Frameworks",
				);
				MARKETING_VERSION = 1.0;
				PRODUCT_BUNDLE_IDENTIFIER = com.pessoal.HelpMiga;
				PRODUCT_NAME = "$(TARGET_NAME)";
				SWIFT_EMIT_LOC_STRINGS = YES;
				SWIFT_VERSION = 5.0;
				TARGETED_DEVICE_FAMILY = "1,2";
			};
			name = Release;
		};
/* End XCBuildConfiguration section */

/* Begin XCConfigurationList section */
		3EDD945A298049F60070D217 /* Build configuration list for PBXProject "HelpMiga" */ = {
			isa = XCConfigurationList;
			buildConfigurations = (
				3EDD946B298049F70070D217 /* Debug */,
				3EDD946C298049F70070D217 /* Release */,
			);
			defaultConfigurationIsVisible = 0;
			defaultConfigurationName = Release;
		};
		3EDD946D298049F70070D217 /* Build configuration list for PBXNativeTarget "HelpMiga" */ = {
			isa = XCConfigurationList;
			buildConfigurations = (
				3EDD946E298049F70070D217 /* Debug */,
				3EDD946F298049F70070D217 /* Release */,
			);
			defaultConfigurationIsVisible = 0;
			defaultConfigurationName = Release;
		};
/* End XCConfigurationList section */

/* Begin XCRemoteSwiftPackageReference section */
		3E74A3DB298C5D06005941C0 /* XCRemoteSwiftPackageReference "firebase-ios-sdk" */ = {
			isa = XCRemoteSwiftPackageReference;
			repositoryURL = "https://github.com/firebase/firebase-ios-sdk";
			requirement = {
				branch = master;
				kind = branch;
			};
		};
/* End XCRemoteSwiftPackageReference section */

/* Begin XCSwiftPackageProductDependency section */
		3E74A3DC298C5D06005941C0 /* FirebaseAuth */ = {
			isa = XCSwiftPackageProductDependency;
			package = 3E74A3DB298C5D06005941C0 /* XCRemoteSwiftPackageReference "firebase-ios-sdk" */;
			productName = FirebaseAuth;
		};
		3E74A3DE298C5D06005941C0 /* FirebaseFirestore */ = {
			isa = XCSwiftPackageProductDependency;
			package = 3E74A3DB298C5D06005941C0 /* XCRemoteSwiftPackageReference "firebase-ios-sdk" */;
			productName = FirebaseFirestore;
		};
		3E74A3E0298C5D06005941C0 /* FirebaseFirestoreSwift */ = {
			isa = XCSwiftPackageProductDependency;
			package = 3E74A3DB298C5D06005941C0 /* XCRemoteSwiftPackageReference "firebase-ios-sdk" */;
			productName = FirebaseFirestoreSwift;
		};
		3E74A3E2298C5D06005941C0 /* FirebaseStorage */ = {
			isa = XCSwiftPackageProductDependency;
			package = 3E74A3DB298C5D06005941C0 /* XCRemoteSwiftPackageReference "firebase-ios-sdk" */;
			productName = FirebaseStorage;
		};
/* End XCSwiftPackageProductDependency section */
	};
	rootObject = 3EDD9457298049F60070D217 /* Project object */;
}
