// !$*UTF8*$!
{
	archiveVersion = 1;
	classes = {
	};
	objectVersion = 56;
	objects = {

/* Begin PBXBuildFile section */
		3E5BBBBD2981A3BB009D7C01 /* MapViewActionButton.swift in Sources */ = {isa = PBXBuildFile; fileRef = 3E5BBBBC2981A3BB009D7C01 /* MapViewActionButton.swift */; };
		3E5BBBBF2981A79A009D7C01 /* LocationSearchView.swift in Sources */ = {isa = PBXBuildFile; fileRef = 3E5BBBBE2981A79A009D7C01 /* LocationSearchView.swift */; };
		3E5BBBC12981AE34009D7C01 /* LocationSearchResultCell.swift in Sources */ = {isa = PBXBuildFile; fileRef = 3E5BBBC02981AE34009D7C01 /* LocationSearchResultCell.swift */; };
		3E772DBE298824E5002C66F8 /* HelpLocation.swift in Sources */ = {isa = PBXBuildFile; fileRef = 3E772DBD298824E5002C66F8 /* HelpLocation.swift */; };
		3E772DC0298835BD002C66F8 /* Color.swift in Sources */ = {isa = PBXBuildFile; fileRef = 3E772DBF298835BD002C66F8 /* Color.swift */; };
		3E772DC429884545002C66F8 /* Double.swift in Sources */ = {isa = PBXBuildFile; fileRef = 3E772DC329884545002C66F8 /* Double.swift */; };
		3E7EA1752989B1A6008EDDC5 /* LocationRequestView.swift in Sources */ = {isa = PBXBuildFile; fileRef = 3E7EA1742989B1A6008EDDC5 /* LocationRequestView.swift */; };
		3E7EA1772989B1DC008EDDC5 /* LocationManager.swift in Sources */ = {isa = PBXBuildFile; fileRef = 3E7EA1762989B1DC008EDDC5 /* LocationManager.swift */; };
		3E86586B2985576100341E15 /* HelpRequestView.swift in Sources */ = {isa = PBXBuildFile; fileRef = 3E86586A2985576100341E15 /* HelpRequestView.swift */; };
		3E86586D298580B500341E15 /* LocationSearchViewModel.swift in Sources */ = {isa = PBXBuildFile; fileRef = 3E86586C298580B500341E15 /* LocationSearchViewModel.swift */; };
		3E96565F298301E80068381B /* MapViewState.swift in Sources */ = {isa = PBXBuildFile; fileRef = 3E96565E298301E80068381B /* MapViewState.swift */; };
		3EA045D22986E845001CE3B3 /* DistanceCalculatedType.swift in Sources */ = {isa = PBXBuildFile; fileRef = 3EA045D12986E845001CE3B3 /* DistanceCalculatedType.swift */; };
		3EDD9463298049F60070D217 /* HelpMigaApp.swift in Sources */ = {isa = PBXBuildFile; fileRef = 3EDD9462298049F60070D217 /* HelpMigaApp.swift */; };
		3EDD9467298049F70070D217 /* Assets.xcassets in Resources */ = {isa = PBXBuildFile; fileRef = 3EDD9466298049F70070D217 /* Assets.xcassets */; };
		3EDD946A298049F70070D217 /* Preview Assets.xcassets in Resources */ = {isa = PBXBuildFile; fileRef = 3EDD9469298049F70070D217 /* Preview Assets.xcassets */; };
		3EDD947D298055A80070D217 /* HomeView.swift in Sources */ = {isa = PBXBuildFile; fileRef = 3EDD947C298055A80070D217 /* HomeView.swift */; };
		3EDD947F2980569C0070D217 /* HelpMigaMapViewRepresentable.swift in Sources */ = {isa = PBXBuildFile; fileRef = 3EDD947E2980569C0070D217 /* HelpMigaMapViewRepresentable.swift */; };
		3EDD948129805C8F0070D217 /* LocationManager.swift in Sources */ = {isa = PBXBuildFile; fileRef = 3EDD948029805C8F0070D217 /* LocationManager.swift */; };
		3EDD948729806B4A0070D217 /* LocationSerchActivationView.swift in Sources */ = {isa = PBXBuildFile; fileRef = 3EDD948629806B4A0070D217 /* LocationSerchActivationView.swift */; };
/* End PBXBuildFile section */

/* Begin PBXFileReference section */
		3E5BBBBC2981A3BB009D7C01 /* MapViewActionButton.swift */ = {isa = PBXFileReference; lastKnownFileType = sourcecode.swift; path = MapViewActionButton.swift; sourceTree = "<group>"; };
		3E5BBBBE2981A79A009D7C01 /* LocationSearchView.swift */ = {isa = PBXFileReference; lastKnownFileType = sourcecode.swift; path = LocationSearchView.swift; sourceTree = "<group>"; };
		3E5BBBC02981AE34009D7C01 /* LocationSearchResultCell.swift */ = {isa = PBXFileReference; lastKnownFileType = sourcecode.swift; path = LocationSearchResultCell.swift; sourceTree = "<group>"; };
		3E772DBD298824E5002C66F8 /* HelpLocation.swift */ = {isa = PBXFileReference; lastKnownFileType = sourcecode.swift; path = HelpLocation.swift; sourceTree = "<group>"; };
		3E772DBF298835BD002C66F8 /* Color.swift */ = {isa = PBXFileReference; lastKnownFileType = sourcecode.swift; path = Color.swift; sourceTree = "<group>"; };
		3E772DC329884545002C66F8 /* Double.swift */ = {isa = PBXFileReference; lastKnownFileType = sourcecode.swift; path = Double.swift; sourceTree = "<group>"; };
		3E7EA1742989B1A6008EDDC5 /* LocationRequestView.swift */ = {isa = PBXFileReference; lastKnownFileType = sourcecode.swift; path = LocationRequestView.swift; sourceTree = "<group>"; };
		3E7EA1762989B1DC008EDDC5 /* LocationManager.swift */ = {isa = PBXFileReference; lastKnownFileType = sourcecode.swift; path = LocationManager.swift; sourceTree = "<group>"; };
		3E86586A2985576100341E15 /* HelpRequestView.swift */ = {isa = PBXFileReference; lastKnownFileType = sourcecode.swift; path = HelpRequestView.swift; sourceTree = "<group>"; };
		3E86586C298580B500341E15 /* LocationSearchViewModel.swift */ = {isa = PBXFileReference; lastKnownFileType = sourcecode.swift; path = LocationSearchViewModel.swift; sourceTree = "<group>"; };
		3E96565E298301E80068381B /* MapViewState.swift */ = {isa = PBXFileReference; lastKnownFileType = sourcecode.swift; path = MapViewState.swift; sourceTree = "<group>"; };
		3EA045D12986E845001CE3B3 /* DistanceCalculatedType.swift */ = {isa = PBXFileReference; lastKnownFileType = sourcecode.swift; path = DistanceCalculatedType.swift; sourceTree = "<group>"; };
		3EDD945F298049F60070D217 /* HelpMiga.app */ = {isa = PBXFileReference; explicitFileType = wrapper.application; includeInIndex = 0; path = HelpMiga.app; sourceTree = BUILT_PRODUCTS_DIR; };
		3EDD9462298049F60070D217 /* HelpMigaApp.swift */ = {isa = PBXFileReference; lastKnownFileType = sourcecode.swift; path = HelpMigaApp.swift; sourceTree = "<group>"; };
		3EDD9466298049F70070D217 /* Assets.xcassets */ = {isa = PBXFileReference; lastKnownFileType = folder.assetcatalog; path = Assets.xcassets; sourceTree = "<group>"; };
		3EDD9469298049F70070D217 /* Preview Assets.xcassets */ = {isa = PBXFileReference; lastKnownFileType = folder.assetcatalog; path = "Preview Assets.xcassets"; sourceTree = "<group>"; };
		3EDD947029804DD30070D217 /* Info.plist */ = {isa = PBXFileReference; lastKnownFileType = text.plist; path = Info.plist; sourceTree = "<group>"; };
		3EDD947C298055A80070D217 /* HomeView.swift */ = {isa = PBXFileReference; lastKnownFileType = sourcecode.swift; path = HomeView.swift; sourceTree = "<group>"; };
		3EDD947E2980569C0070D217 /* HelpMigaMapViewRepresentable.swift */ = {isa = PBXFileReference; lastKnownFileType = sourcecode.swift; path = HelpMigaMapViewRepresentable.swift; sourceTree = "<group>"; };
		3EDD948029805C8F0070D217 /* LocationManager.swift */ = {isa = PBXFileReference; lastKnownFileType = sourcecode.swift; path = LocationManager.swift; sourceTree = "<group>"; };
		3EDD948629806B4A0070D217 /* LocationSerchActivationView.swift */ = {isa = PBXFileReference; lastKnownFileType = sourcecode.swift; path = LocationSerchActivationView.swift; sourceTree = "<group>"; };
/* End PBXFileReference section */

/* Begin PBXFrameworksBuildPhase section */
		3EDD945C298049F60070D217 /* Frameworks */ = {
			isa = PBXFrameworksBuildPhase;
			buildActionMask = 2147483647;
			files = (
			);
			runOnlyForDeploymentPostprocessing = 0;
		};
/* End PBXFrameworksBuildPhase section */

/* Begin PBXGroup section */
		3E772DC629885006002C66F8 /* LocationRequest */ = {
			isa = PBXGroup;
			children = (
			);
			path = LocationRequest;
			sourceTree = "<group>";
		};
		3E8658672985567200341E15 /* Trips */ = {
			isa = PBXGroup;
			children = (
				3E86586A2985576100341E15 /* HelpRequestView.swift */,
			);
			path = Trips;
			sourceTree = "<group>";
		};
		3EDD9456298049F60070D217 = {
			isa = PBXGroup;
			children = (
				3EDD9461298049F60070D217 /* HelpMiga */,
				3EDD9460298049F60070D217 /* Products */,
			);
			sourceTree = "<group>";
		};
		3EDD9460298049F60070D217 /* Products */ = {
			isa = PBXGroup;
			children = (
				3EDD945F298049F60070D217 /* HelpMiga.app */,
			);
			name = Products;
			sourceTree = "<group>";
		};
		3EDD9461298049F60070D217 /* HelpMiga */ = {
			isa = PBXGroup;
			children = (
				3EDD9477298054C30070D217 /* App */,
				3E772DC629885006002C66F8 /* LocationRequest */,
				3EDD9476298054910070D217 /* Core */,
				3EDD94752980548C0070D217 /* Extensions */,
				3EDD9474298054890070D217 /* Managers */,
				3EDD9471298054590070D217 /* Models */,
				3EDD947029804DD30070D217 /* Info.plist */,
				3EDD9466298049F70070D217 /* Assets.xcassets */,
				3EDD9468298049F70070D217 /* Preview Content */,
			);
			path = HelpMiga;
			sourceTree = "<group>";
		};
		3EDD9468298049F70070D217 /* Preview Content */ = {
			isa = PBXGroup;
			children = (
				3EDD9469298049F70070D217 /* Preview Assets.xcassets */,
				3E7EA1742989B1A6008EDDC5 /* LocationRequestView.swift */,
				3E7EA1762989B1DC008EDDC5 /* LocationManager.swift */,
			);
			path = "Preview Content";
			sourceTree = "<group>";
		};
		3EDD9471298054590070D217 /* Models */ = {
			isa = PBXGroup;
			children = (
				3E96565E298301E80068381B /* MapViewState.swift */,
				3EA045D12986E845001CE3B3 /* DistanceCalculatedType.swift */,
				3E772DBD298824E5002C66F8 /* HelpLocation.swift */,
			);
			path = Models;
			sourceTree = "<group>";
		};
		3EDD9474298054890070D217 /* Managers */ = {
			isa = PBXGroup;
			children = (
				3EDD948029805C8F0070D217 /* LocationManager.swift */,
			);
			path = Managers;
			sourceTree = "<group>";
		};
		3EDD94752980548C0070D217 /* Extensions */ = {
			isa = PBXGroup;
			children = (
				3E772DBF298835BD002C66F8 /* Color.swift */,
				3E772DC329884545002C66F8 /* Double.swift */,
			);
			path = Extensions;
			sourceTree = "<group>";
		};
		3EDD9476298054910070D217 /* Core */ = {
			isa = PBXGroup;
			children = (
				3E8658672985567200341E15 /* Trips */,
				3EDD948329806AAD0070D217 /* LocationSearch */,
				3EDD948229806A6E0070D217 /* Home */,
			);
			path = Core;
			sourceTree = "<group>";
		};
		3EDD9477298054C30070D217 /* App */ = {
			isa = PBXGroup;
			children = (
				3EDD9462298049F60070D217 /* HelpMigaApp.swift */,
			);
			path = App;
			sourceTree = "<group>";
		};
		3EDD947A298055500070D217 /* Views */ = {
			isa = PBXGroup;
			children = (
				3EDD947C298055A80070D217 /* HomeView.swift */,
				3EDD947E2980569C0070D217 /* HelpMigaMapViewRepresentable.swift */,
				3E5BBBBC2981A3BB009D7C01 /* MapViewActionButton.swift */,
			);
			path = Views;
			sourceTree = "<group>";
		};
		3EDD947B298055520070D217 /* ViewModel */ = {
			isa = PBXGroup;
			children = (
			);
			path = ViewModel;
			sourceTree = "<group>";
		};
		3EDD948229806A6E0070D217 /* Home */ = {
			isa = PBXGroup;
			children = (
				3EDD947A298055500070D217 /* Views */,
				3EDD947B298055520070D217 /* ViewModel */,
			);
			path = Home;
			sourceTree = "<group>";
		};
		3EDD948329806AAD0070D217 /* LocationSearch */ = {
			isa = PBXGroup;
			children = (
				3EDD948529806B0F0070D217 /* Views */,
				3EDD948429806B010070D217 /* ViewModel */,
			);
			path = LocationSearch;
			sourceTree = "<group>";
		};
		3EDD948429806B010070D217 /* ViewModel */ = {
			isa = PBXGroup;
			children = (
				3E86586C298580B500341E15 /* LocationSearchViewModel.swift */,
			);
			path = ViewModel;
			sourceTree = "<group>";
		};
		3EDD948529806B0F0070D217 /* Views */ = {
			isa = PBXGroup;
			children = (
				3EDD948629806B4A0070D217 /* LocationSerchActivationView.swift */,
				3E5BBBBE2981A79A009D7C01 /* LocationSearchView.swift */,
				3E5BBBC02981AE34009D7C01 /* LocationSearchResultCell.swift */,
			);
			path = Views;
			sourceTree = "<group>";
		};
/* End PBXGroup section */

/* Begin PBXNativeTarget section */
		3EDD945E298049F60070D217 /* HelpMiga */ = {
			isa = PBXNativeTarget;
			buildConfigurationList = 3EDD946D298049F70070D217 /* Build configuration list for PBXNativeTarget "HelpMiga" */;
			buildPhases = (
				3EDD945B298049F60070D217 /* Sources */,
				3EDD945C298049F60070D217 /* Frameworks */,
				3EDD945D298049F60070D217 /* Resources */,
			);
			buildRules = (
			);
			dependencies = (
			);
			name = HelpMiga;
			productName = HelpMiga;
			productReference = 3EDD945F298049F60070D217 /* HelpMiga.app */;
			productType = "com.apple.product-type.application";
		};
/* End PBXNativeTarget section */

/* Begin PBXProject section */
		3EDD9457298049F60070D217 /* Project object */ = {
			isa = PBXProject;
			attributes = {
				BuildIndependentTargetsInParallel = 1;
				LastSwiftUpdateCheck = 1420;
				LastUpgradeCheck = 1420;
				TargetAttributes = {
					3EDD945E298049F60070D217 = {
						CreatedOnToolsVersion = 14.2;
					};
				};
			};
			buildConfigurationList = 3EDD945A298049F60070D217 /* Build configuration list for PBXProject "HelpMiga" */;
			compatibilityVersion = "Xcode 14.0";
			developmentRegion = en;
			hasScannedForEncodings = 0;
			knownRegions = (
				en,
				Base,
			);
			mainGroup = 3EDD9456298049F60070D217;
			productRefGroup = 3EDD9460298049F60070D217 /* Products */;
			projectDirPath = "";
			projectRoot = "";
			targets = (
				3EDD945E298049F60070D217 /* HelpMiga */,
			);
		};
/* End PBXProject section */

/* Begin PBXResourcesBuildPhase section */
		3EDD945D298049F60070D217 /* Resources */ = {
			isa = PBXResourcesBuildPhase;
			buildActionMask = 2147483647;
			files = (
				3EDD946A298049F70070D217 /* Preview Assets.xcassets in Resources */,
				3EDD9467298049F70070D217 /* Assets.xcassets in Resources */,
			);
			runOnlyForDeploymentPostprocessing = 0;
		};
/* End PBXResourcesBuildPhase section */

/* Begin PBXSourcesBuildPhase section */
		3EDD945B298049F60070D217 /* Sources */ = {
			isa = PBXSourcesBuildPhase;
			buildActionMask = 2147483647;
			files = (
				3E5BBBBF2981A79A009D7C01 /* LocationSearchView.swift in Sources */,
				3E7EA1772989B1DC008EDDC5 /* LocationManager.swift in Sources */,
				3E7EA1752989B1A6008EDDC5 /* LocationRequestView.swift in Sources */,
				3EDD948129805C8F0070D217 /* LocationManager.swift in Sources */,
				3E96565F298301E80068381B /* MapViewState.swift in Sources */,
				3E86586D298580B500341E15 /* LocationSearchViewModel.swift in Sources */,
				3E5BBBBD2981A3BB009D7C01 /* MapViewActionButton.swift in Sources */,
				3E86586B2985576100341E15 /* HelpRequestView.swift in Sources */,
				3EDD947F2980569C0070D217 /* HelpMigaMapViewRepresentable.swift in Sources */,
				3EDD9463298049F60070D217 /* HelpMigaApp.swift in Sources */,
				3EA045D22986E845001CE3B3 /* DistanceCalculatedType.swift in Sources */,
				3E772DC0298835BD002C66F8 /* Color.swift in Sources */,
				3E772DBE298824E5002C66F8 /* HelpLocation.swift in Sources */,
				3EDD947D298055A80070D217 /* HomeView.swift in Sources */,
				3EDD948729806B4A0070D217 /* LocationSerchActivationView.swift in Sources */,
				3E772DC429884545002C66F8 /* Double.swift in Sources */,
				3E5BBBC12981AE34009D7C01 /* LocationSearchResultCell.swift in Sources */,
			);
			runOnlyForDeploymentPostprocessing = 0;
		};
/* End PBXSourcesBuildPhase section */

/* Begin XCBuildConfiguration section */
		3EDD946B298049F70070D217 /* Debug */ = {
			isa = XCBuildConfiguration;
			buildSettings = {
				ALWAYS_SEARCH_USER_PATHS = NO;
				CLANG_ANALYZER_NONNULL = YES;
				CLANG_ANALYZER_NUMBER_OBJECT_CONVERSION = YES_AGGRESSIVE;
				CLANG_CXX_LANGUAGE_STANDARD = "gnu++20";
				CLANG_ENABLE_MODULES = YES;
				CLANG_ENABLE_OBJC_ARC = YES;
				CLANG_ENABLE_OBJC_WEAK = YES;
				CLANG_WARN_BLOCK_CAPTURE_AUTORELEASING = YES;
				CLANG_WARN_BOOL_CONVERSION = YES;
				CLANG_WARN_COMMA = YES;
				CLANG_WARN_CONSTANT_CONVERSION = YES;
				CLANG_WARN_DEPRECATED_OBJC_IMPLEMENTATIONS = YES;
				CLANG_WARN_DIRECT_OBJC_ISA_USAGE = YES_ERROR;
				CLANG_WARN_DOCUMENTATION_COMMENTS = YES;
				CLANG_WARN_EMPTY_BODY = YES;
				CLANG_WARN_ENUM_CONVERSION = YES;
				CLANG_WARN_INFINITE_RECURSION = YES;
				CLANG_WARN_INT_CONVERSION = YES;
				CLANG_WARN_NON_LITERAL_NULL_CONVERSION = YES;
				CLANG_WARN_OBJC_IMPLICIT_RETAIN_SELF = YES;
				CLANG_WARN_OBJC_LITERAL_CONVERSION = YES;
				CLANG_WARN_OBJC_ROOT_CLASS = YES_ERROR;
				CLANG_WARN_QUOTED_INCLUDE_IN_FRAMEWORK_HEADER = YES;
				CLANG_WARN_RANGE_LOOP_ANALYSIS = YES;
				CLANG_WARN_STRICT_PROTOTYPES = YES;
				CLANG_WARN_SUSPICIOUS_MOVE = YES;
				CLANG_WARN_UNGUARDED_AVAILABILITY = YES_AGGRESSIVE;
				CLANG_WARN_UNREACHABLE_CODE = YES;
				CLANG_WARN__DUPLICATE_METHOD_MATCH = YES;
				COPY_PHASE_STRIP = NO;
				DEBUG_INFORMATION_FORMAT = dwarf;
				ENABLE_STRICT_OBJC_MSGSEND = YES;
				ENABLE_TESTABILITY = YES;
				GCC_C_LANGUAGE_STANDARD = gnu11;
				GCC_DYNAMIC_NO_PIC = NO;
				GCC_NO_COMMON_BLOCKS = YES;
				GCC_OPTIMIZATION_LEVEL = 0;
				GCC_PREPROCESSOR_DEFINITIONS = (
					"DEBUG=1",
					"$(inherited)",
				);
				GCC_WARN_64_TO_32_BIT_CONVERSION = YES;
				GCC_WARN_ABOUT_RETURN_TYPE = YES_ERROR;
				GCC_WARN_UNDECLARED_SELECTOR = YES;
				GCC_WARN_UNINITIALIZED_AUTOS = YES_AGGRESSIVE;
				GCC_WARN_UNUSED_FUNCTION = YES;
				GCC_WARN_UNUSED_VARIABLE = YES;
				IPHONEOS_DEPLOYMENT_TARGET = 16.2;
				MTL_ENABLE_DEBUG_INFO = INCLUDE_SOURCE;
				MTL_FAST_MATH = YES;
				ONLY_ACTIVE_ARCH = YES;
				SDKROOT = iphoneos;
				SWIFT_ACTIVE_COMPILATION_CONDITIONS = DEBUG;
				SWIFT_OPTIMIZATION_LEVEL = "-Onone";
			};
			name = Debug;
		};
		3EDD946C298049F70070D217 /* Release */ = {
			isa = XCBuildConfiguration;
			buildSettings = {
				ALWAYS_SEARCH_USER_PATHS = NO;
				CLANG_ANALYZER_NONNULL = YES;
				CLANG_ANALYZER_NUMBER_OBJECT_CONVERSION = YES_AGGRESSIVE;
				CLANG_CXX_LANGUAGE_STANDARD = "gnu++20";
				CLANG_ENABLE_MODULES = YES;
				CLANG_ENABLE_OBJC_ARC = YES;
				CLANG_ENABLE_OBJC_WEAK = YES;
				CLANG_WARN_BLOCK_CAPTURE_AUTORELEASING = YES;
				CLANG_WARN_BOOL_CONVERSION = YES;
				CLANG_WARN_COMMA = YES;
				CLANG_WARN_CONSTANT_CONVERSION = YES;
				CLANG_WARN_DEPRECATED_OBJC_IMPLEMENTATIONS = YES;
				CLANG_WARN_DIRECT_OBJC_ISA_USAGE = YES_ERROR;
				CLANG_WARN_DOCUMENTATION_COMMENTS = YES;
				CLANG_WARN_EMPTY_BODY = YES;
				CLANG_WARN_ENUM_CONVERSION = YES;
				CLANG_WARN_INFINITE_RECURSION = YES;
				CLANG_WARN_INT_CONVERSION = YES;
				CLANG_WARN_NON_LITERAL_NULL_CONVERSION = YES;
				CLANG_WARN_OBJC_IMPLICIT_RETAIN_SELF = YES;
				CLANG_WARN_OBJC_LITERAL_CONVERSION = YES;
				CLANG_WARN_OBJC_ROOT_CLASS = YES_ERROR;
				CLANG_WARN_QUOTED_INCLUDE_IN_FRAMEWORK_HEADER = YES;
				CLANG_WARN_RANGE_LOOP_ANALYSIS = YES;
				CLANG_WARN_STRICT_PROTOTYPES = YES;
				CLANG_WARN_SUSPICIOUS_MOVE = YES;
				CLANG_WARN_UNGUARDED_AVAILABILITY = YES_AGGRESSIVE;
				CLANG_WARN_UNREACHABLE_CODE = YES;
				CLANG_WARN__DUPLICATE_METHOD_MATCH = YES;
				COPY_PHASE_STRIP = NO;
				DEBUG_INFORMATION_FORMAT = "dwarf-with-dsym";
				ENABLE_NS_ASSERTIONS = NO;
				ENABLE_STRICT_OBJC_MSGSEND = YES;
				GCC_C_LANGUAGE_STANDARD = gnu11;
				GCC_NO_COMMON_BLOCKS = YES;
				GCC_WARN_64_TO_32_BIT_CONVERSION = YES;
				GCC_WARN_ABOUT_RETURN_TYPE = YES_ERROR;
				GCC_WARN_UNDECLARED_SELECTOR = YES;
				GCC_WARN_UNINITIALIZED_AUTOS = YES_AGGRESSIVE;
				GCC_WARN_UNUSED_FUNCTION = YES;
				GCC_WARN_UNUSED_VARIABLE = YES;
				IPHONEOS_DEPLOYMENT_TARGET = 16.2;
				MTL_ENABLE_DEBUG_INFO = NO;
				MTL_FAST_MATH = YES;
				SDKROOT = iphoneos;
				SWIFT_COMPILATION_MODE = wholemodule;
				SWIFT_OPTIMIZATION_LEVEL = "-O";
				VALIDATE_PRODUCT = YES;
			};
			name = Release;
		};
		3EDD946E298049F70070D217 /* Debug */ = {
			isa = XCBuildConfiguration;
			buildSettings = {
				ASSETCATALOG_COMPILER_APPICON_NAME = AppIcon;
				ASSETCATALOG_COMPILER_GLOBAL_ACCENT_COLOR_NAME = AccentColor;
				CODE_SIGN_STYLE = Automatic;
				CURRENT_PROJECT_VERSION = 1;
				DEVELOPMENT_ASSET_PATHS = "\"HelpMiga/Preview Content\"";
				DEVELOPMENT_TEAM = 67AYPRFZH8;
				ENABLE_PREVIEWS = YES;
				GENERATE_INFOPLIST_FILE = YES;
				INFOPLIST_FILE = HelpMiga/Info.plist;
				INFOPLIST_KEY_NSLocationWhenInUseUsageDescription = "Please allow us to access your location to find you nearby Help Miga users";
				INFOPLIST_KEY_UIApplicationSceneManifest_Generation = YES;
				INFOPLIST_KEY_UIApplicationSupportsIndirectInputEvents = YES;
				INFOPLIST_KEY_UILaunchScreen_Generation = YES;
				INFOPLIST_KEY_UISupportedInterfaceOrientations_iPad = "UIInterfaceOrientationPortrait UIInterfaceOrientationPortraitUpsideDown UIInterfaceOrientationLandscapeLeft UIInterfaceOrientationLandscapeRight";
				INFOPLIST_KEY_UISupportedInterfaceOrientations_iPhone = "UIInterfaceOrientationPortrait UIInterfaceOrientationLandscapeLeft UIInterfaceOrientationLandscapeRight";
				LD_RUNPATH_SEARCH_PATHS = (
					"$(inherited)",
					"@executable_path/Frameworks",
				);
				MARKETING_VERSION = 1.0;
				PRODUCT_BUNDLE_IDENTIFIER = com.pessoal.HelpMiga;
				PRODUCT_NAME = "$(TARGET_NAME)";
				SWIFT_EMIT_LOC_STRINGS = YES;
				SWIFT_VERSION = 5.0;
				TARGETED_DEVICE_FAMILY = "1,2";
			};
			name = Debug;
		};
		3EDD946F298049F70070D217 /* Release */ = {
			isa = XCBuildConfiguration;
			buildSettings = {
				ASSETCATALOG_COMPILER_APPICON_NAME = AppIcon;
				ASSETCATALOG_COMPILER_GLOBAL_ACCENT_COLOR_NAME = AccentColor;
				CODE_SIGN_STYLE = Automatic;
				CURRENT_PROJECT_VERSION = 1;
				DEVELOPMENT_ASSET_PATHS = "\"HelpMiga/Preview Content\"";
				DEVELOPMENT_TEAM = 67AYPRFZH8;
				ENABLE_PREVIEWS = YES;
				GENERATE_INFOPLIST_FILE = YES;
				INFOPLIST_FILE = HelpMiga/Info.plist;
				INFOPLIST_KEY_NSLocationWhenInUseUsageDescription = "Please allow us to access your location to find you nearby Help Miga users";
				INFOPLIST_KEY_UIApplicationSceneManifest_Generation = YES;
				INFOPLIST_KEY_UIApplicationSupportsIndirectInputEvents = YES;
				INFOPLIST_KEY_UILaunchScreen_Generation = YES;
				INFOPLIST_KEY_UISupportedInterfaceOrientations_iPad = "UIInterfaceOrientationPortrait UIInterfaceOrientationPortraitUpsideDown UIInterfaceOrientationLandscapeLeft UIInterfaceOrientationLandscapeRight";
				INFOPLIST_KEY_UISupportedInterfaceOrientations_iPhone = "UIInterfaceOrientationPortrait UIInterfaceOrientationLandscapeLeft UIInterfaceOrientationLandscapeRight";
				LD_RUNPATH_SEARCH_PATHS = (
					"$(inherited)",
					"@executable_path/Frameworks",
				);
				MARKETING_VERSION = 1.0;
				PRODUCT_BUNDLE_IDENTIFIER = com.pessoal.HelpMiga;
				PRODUCT_NAME = "$(TARGET_NAME)";
				SWIFT_EMIT_LOC_STRINGS = YES;
				SWIFT_VERSION = 5.0;
				TARGETED_DEVICE_FAMILY = "1,2";
			};
			name = Release;
		};
/* End XCBuildConfiguration section */

/* Begin XCConfigurationList section */
		3EDD945A298049F60070D217 /* Build configuration list for PBXProject "HelpMiga" */ = {
			isa = XCConfigurationList;
			buildConfigurations = (
				3EDD946B298049F70070D217 /* Debug */,
				3EDD946C298049F70070D217 /* Release */,
			);
			defaultConfigurationIsVisible = 0;
			defaultConfigurationName = Release;
		};
		3EDD946D298049F70070D217 /* Build configuration list for PBXNativeTarget "HelpMiga" */ = {
			isa = XCConfigurationList;
			buildConfigurations = (
				3EDD946E298049F70070D217 /* Debug */,
				3EDD946F298049F70070D217 /* Release */,
			);
			defaultConfigurationIsVisible = 0;
			defaultConfigurationName = Release;
		};
/* End XCConfigurationList section */
	};
	rootObject = 3EDD9457298049F60070D217 /* Project object */;
}
